// !$*UTF8*$!
{
	archiveVersion = 1;
	classes = {
	};
	objectVersion = 46;
	objects = {

/* Begin PBXBuildFile section */
		EE50AEA518FE343B005E1C6C /* LeoBlock.m in Sources */ = {isa = PBXBuildFile; fileRef = EE50AEA318FE343B005E1C6C /* LeoBlock.m */; };
		EE50AEA918FFA070005E1C6C /* LeoBook.m in Sources */ = {isa = PBXBuildFile; fileRef = EE50AEA818FFA070005E1C6C /* LeoBook.m */; };
		EE50AEB118FFBE82005E1C6C /* LeoPractiseThread.m in Sources */ = {isa = PBXBuildFile; fileRef = EE50AEB018FFBE82005E1C6C /* LeoPractiseThread.m */; };
		EE50AEB418FFCC4C005E1C6C /* LeoOperation.m in Sources */ = {isa = PBXBuildFile; fileRef = EE50AEB318FFCC4C005E1C6C /* LeoOperation.m */; };
		EE945B7B1872BE1000A14386 /* Foundation.framework in Frameworks */ = {isa = PBXBuildFile; fileRef = EE945B7A1872BE1000A14386 /* Foundation.framework */; };
		EE945B7D1872BE1000A14386 /* CoreGraphics.framework in Frameworks */ = {isa = PBXBuildFile; fileRef = EE945B7C1872BE1000A14386 /* CoreGraphics.framework */; };
		EE945B7F1872BE1000A14386 /* UIKit.framework in Frameworks */ = {isa = PBXBuildFile; fileRef = EE945B7E1872BE1000A14386 /* UIKit.framework */; };
		EE945B851872BE1000A14386 /* InfoPlist.strings in Resources */ = {isa = PBXBuildFile; fileRef = EE945B831872BE1000A14386 /* InfoPlist.strings */; };
		EE945B871872BE1000A14386 /* main.m in Sources */ = {isa = PBXBuildFile; fileRef = EE945B861872BE1000A14386 /* main.m */; };
		EE945B8B1872BE1000A14386 /* AppDelegate.m in Sources */ = {isa = PBXBuildFile; fileRef = EE945B8A1872BE1000A14386 /* AppDelegate.m */; };
		EE945B8E1872BE1000A14386 /* Main_iPhone.storyboard in Resources */ = {isa = PBXBuildFile; fileRef = EE945B8C1872BE1000A14386 /* Main_iPhone.storyboard */; };
		EE945B911872BE1000A14386 /* Main_iPad.storyboard in Resources */ = {isa = PBXBuildFile; fileRef = EE945B8F1872BE1000A14386 /* Main_iPad.storyboard */; };
		EE945B941872BE1000A14386 /* ViewController.m in Sources */ = {isa = PBXBuildFile; fileRef = EE945B931872BE1000A14386 /* ViewController.m */; };
		EE945B961872BE1000A14386 /* Images.xcassets in Resources */ = {isa = PBXBuildFile; fileRef = EE945B951872BE1000A14386 /* Images.xcassets */; };
		EE945B9D1872BE1100A14386 /* XCTest.framework in Frameworks */ = {isa = PBXBuildFile; fileRef = EE945B9C1872BE1100A14386 /* XCTest.framework */; };
		EE945B9E1872BE1100A14386 /* Foundation.framework in Frameworks */ = {isa = PBXBuildFile; fileRef = EE945B7A1872BE1000A14386 /* Foundation.framework */; };
		EE945B9F1872BE1100A14386 /* UIKit.framework in Frameworks */ = {isa = PBXBuildFile; fileRef = EE945B7E1872BE1000A14386 /* UIKit.framework */; };
		EE945BA71872BE1100A14386 /* InfoPlist.strings in Resources */ = {isa = PBXBuildFile; fileRef = EE945BA51872BE1100A14386 /* InfoPlist.strings */; };
		EE945BA91872BE1100A14386 /* HelloUITextViewTests.m in Sources */ = {isa = PBXBuildFile; fileRef = EE945BA81872BE1100A14386 /* HelloUITextViewTests.m */; };
		EE945BB41872C2ED00A14386 /* MyTVCell.m in Sources */ = {isa = PBXBuildFile; fileRef = EE945BB31872C2ED00A14386 /* MyTVCell.m */; };
		EE945BBA1872C3F600A14386 /* MyTVCell.xib in Resources */ = {isa = PBXBuildFile; fileRef = EE945BB91872C3F600A14386 /* MyTVCell.xib */; };
		EEF89BDB1887C334003363DD /* RiepilogoPaymentViewController.m in Sources */ = {isa = PBXBuildFile; fileRef = EEF89BD91887C334003363DD /* RiepilogoPaymentViewController.m */; };
		EEF89BDC1887C334003363DD /* RiepilogoPaymentViewController.xib in Resources */ = {isa = PBXBuildFile; fileRef = EEF89BDA1887C334003363DD /* RiepilogoPaymentViewController.xib */; };
		EEF89BE01887CC95003363DD /* PageScrollViewController.m in Sources */ = {isa = PBXBuildFile; fileRef = EEF89BDE1887CC95003363DD /* PageScrollViewController.m */; };
		EEF89BE11887CC95003363DD /* PageScrollViewController.xib in Resources */ = {isa = PBXBuildFile; fileRef = EEF89BDF1887CC95003363DD /* PageScrollViewController.xib */; };
		EEF89BE71887D471003363DD /* Snip20131206_1.png in Resources */ = {isa = PBXBuildFile; fileRef = EEF89BE31887D471003363DD /* Snip20131206_1.png */; };
		EEF89BE81887D471003363DD /* Snip20131206_3.png in Resources */ = {isa = PBXBuildFile; fileRef = EEF89BE41887D471003363DD /* Snip20131206_3.png */; };
		EEF89BE91887D471003363DD /* Snip20131206_4.png in Resources */ = {isa = PBXBuildFile; fileRef = EEF89BE51887D471003363DD /* Snip20131206_4.png */; };
		EEF89BEA1887D471003363DD /* Snip20131206_5.png in Resources */ = {isa = PBXBuildFile; fileRef = EEF89BE61887D471003363DD /* Snip20131206_5.png */; };
/* End PBXBuildFile section */

/* Begin PBXContainerItemProxy section */
		EE945BA01872BE1100A14386 /* PBXContainerItemProxy */ = {
			isa = PBXContainerItemProxy;
			containerPortal = EE945B6F1872BE1000A14386 /* Project object */;
			proxyType = 1;
			remoteGlobalIDString = EE945B761872BE1000A14386;
			remoteInfo = HelloUITextView;
		};
/* End PBXContainerItemProxy section */

/* Begin PBXFileReference section */
		EE50AEA318FE343B005E1C6C /* LeoBlock.m */ = {isa = PBXFileReference; fileEncoding = 4; lastKnownFileType = sourcecode.c.objc; path = LeoBlock.m; sourceTree = "<group>"; };
		EE50AEA418FE343B005E1C6C /* LeoBlock.h */ = {isa = PBXFileReference; fileEncoding = 4; lastKnownFileType = sourcecode.c.h; path = LeoBlock.h; sourceTree = "<group>"; };
		EE50AEA718FFA070005E1C6C /* LeoBook.h */ = {isa = PBXFileReference; fileEncoding = 4; lastKnownFileType = sourcecode.c.h; path = LeoBook.h; sourceTree = "<group>"; };
		EE50AEA818FFA070005E1C6C /* LeoBook.m */ = {isa = PBXFileReference; fileEncoding = 4; lastKnownFileType = sourcecode.c.objc; path = LeoBook.m; sourceTree = "<group>"; };
		EE50AEAF18FFBE82005E1C6C /* LeoPractiseThread.h */ = {isa = PBXFileReference; fileEncoding = 4; lastKnownFileType = sourcecode.c.h; path = LeoPractiseThread.h; sourceTree = "<group>"; };
		EE50AEB018FFBE82005E1C6C /* LeoPractiseThread.m */ = {isa = PBXFileReference; fileEncoding = 4; lastKnownFileType = sourcecode.c.objc; path = LeoPractiseThread.m; sourceTree = "<group>"; };
		EE50AEB218FFCC4C005E1C6C /* LeoOperation.h */ = {isa = PBXFileReference; fileEncoding = 4; lastKnownFileType = sourcecode.c.h; path = LeoOperation.h; sourceTree = "<group>"; };
		EE50AEB318FFCC4C005E1C6C /* LeoOperation.m */ = {isa = PBXFileReference; fileEncoding = 4; lastKnownFileType = sourcecode.c.objc; path = LeoOperation.m; sourceTree = "<group>"; };
		EE945B771872BE1000A14386 /* HelloUIView.app */ = {isa = PBXFileReference; explicitFileType = wrapper.application; includeInIndex = 0; path = HelloUIView.app; sourceTree = BUILT_PRODUCTS_DIR; };
		EE945B7A1872BE1000A14386 /* Foundation.framework */ = {isa = PBXFileReference; lastKnownFileType = wrapper.framework; name = Foundation.framework; path = System/Library/Frameworks/Foundation.framework; sourceTree = SDKROOT; };
		EE945B7C1872BE1000A14386 /* CoreGraphics.framework */ = {isa = PBXFileReference; lastKnownFileType = wrapper.framework; name = CoreGraphics.framework; path = System/Library/Frameworks/CoreGraphics.framework; sourceTree = SDKROOT; };
		EE945B7E1872BE1000A14386 /* UIKit.framework */ = {isa = PBXFileReference; lastKnownFileType = wrapper.framework; name = UIKit.framework; path = System/Library/Frameworks/UIKit.framework; sourceTree = SDKROOT; };
		EE945B821872BE1000A14386 /* HelloUIView-Info.plist */ = {isa = PBXFileReference; lastKnownFileType = text.plist.xml; path = "HelloUIView-Info.plist"; sourceTree = "<group>"; };
		EE945B841872BE1000A14386 /* en */ = {isa = PBXFileReference; lastKnownFileType = text.plist.strings; name = en; path = en.lproj/InfoPlist.strings; sourceTree = "<group>"; };
		EE945B861872BE1000A14386 /* main.m */ = {isa = PBXFileReference; lastKnownFileType = sourcecode.c.objc; path = main.m; sourceTree = "<group>"; };
		EE945B881872BE1000A14386 /* HelloUIView-Prefix.pch */ = {isa = PBXFileReference; lastKnownFileType = sourcecode.c.h; path = "HelloUIView-Prefix.pch"; sourceTree = "<group>"; };
		EE945B891872BE1000A14386 /* AppDelegate.h */ = {isa = PBXFileReference; lastKnownFileType = sourcecode.c.h; path = AppDelegate.h; sourceTree = "<group>"; };
		EE945B8A1872BE1000A14386 /* AppDelegate.m */ = {isa = PBXFileReference; lastKnownFileType = sourcecode.c.objc; path = AppDelegate.m; sourceTree = "<group>"; };
		EE945B8D1872BE1000A14386 /* Base */ = {isa = PBXFileReference; lastKnownFileType = file.storyboard; name = Base; path = Base.lproj/Main_iPhone.storyboard; sourceTree = "<group>"; };
		EE945B901872BE1000A14386 /* Base */ = {isa = PBXFileReference; lastKnownFileType = file.storyboard; name = Base; path = Base.lproj/Main_iPad.storyboard; sourceTree = "<group>"; };
		EE945B921872BE1000A14386 /* ViewController.h */ = {isa = PBXFileReference; lastKnownFileType = sourcecode.c.h; path = ViewController.h; sourceTree = "<group>"; };
		EE945B931872BE1000A14386 /* ViewController.m */ = {isa = PBXFileReference; lastKnownFileType = sourcecode.c.objc; path = ViewController.m; sourceTree = "<group>"; };
		EE945B951872BE1000A14386 /* Images.xcassets */ = {isa = PBXFileReference; lastKnownFileType = folder.assetcatalog; path = Images.xcassets; sourceTree = "<group>"; };
		EE945B9B1872BE1100A14386 /* HelloUIViewTests.xctest */ = {isa = PBXFileReference; explicitFileType = wrapper.cfbundle; includeInIndex = 0; path = HelloUIViewTests.xctest; sourceTree = BUILT_PRODUCTS_DIR; };
		EE945B9C1872BE1100A14386 /* XCTest.framework */ = {isa = PBXFileReference; lastKnownFileType = wrapper.framework; name = XCTest.framework; path = Library/Frameworks/XCTest.framework; sourceTree = DEVELOPER_DIR; };
		EE945BA41872BE1100A14386 /* HelloUIViewTests-Info.plist */ = {isa = PBXFileReference; lastKnownFileType = text.plist.xml; path = "HelloUIViewTests-Info.plist"; sourceTree = "<group>"; };
		EE945BA61872BE1100A14386 /* en */ = {isa = PBXFileReference; lastKnownFileType = text.plist.strings; name = en; path = en.lproj/InfoPlist.strings; sourceTree = "<group>"; };
		EE945BA81872BE1100A14386 /* HelloUITextViewTests.m */ = {isa = PBXFileReference; lastKnownFileType = sourcecode.c.objc; path = HelloUITextViewTests.m; sourceTree = "<group>"; };
		EE945BB21872C2ED00A14386 /* MyTVCell.h */ = {isa = PBXFileReference; fileEncoding = 4; lastKnownFileType = sourcecode.c.h; path = MyTVCell.h; sourceTree = "<group>"; };
		EE945BB31872C2ED00A14386 /* MyTVCell.m */ = {isa = PBXFileReference; fileEncoding = 4; lastKnownFileType = sourcecode.c.objc; path = MyTVCell.m; sourceTree = "<group>"; };
		EE945BB91872C3F600A14386 /* MyTVCell.xib */ = {isa = PBXFileReference; fileEncoding = 4; lastKnownFileType = file.xib; path = MyTVCell.xib; sourceTree = "<group>"; };
		EEF89BD81887C334003363DD /* RiepilogoPaymentViewController.h */ = {isa = PBXFileReference; fileEncoding = 4; lastKnownFileType = sourcecode.c.h; path = RiepilogoPaymentViewController.h; sourceTree = "<group>"; };
		EEF89BD91887C334003363DD /* RiepilogoPaymentViewController.m */ = {isa = PBXFileReference; fileEncoding = 4; lastKnownFileType = sourcecode.c.objc; path = RiepilogoPaymentViewController.m; sourceTree = "<group>"; };
		EEF89BDA1887C334003363DD /* RiepilogoPaymentViewController.xib */ = {isa = PBXFileReference; fileEncoding = 4; lastKnownFileType = file.xib; path = RiepilogoPaymentViewController.xib; sourceTree = "<group>"; };
		EEF89BDD1887CC95003363DD /* PageScrollViewController.h */ = {isa = PBXFileReference; fileEncoding = 4; lastKnownFileType = sourcecode.c.h; path = PageScrollViewController.h; sourceTree = "<group>"; };
		EEF89BDE1887CC95003363DD /* PageScrollViewController.m */ = {isa = PBXFileReference; fileEncoding = 4; lastKnownFileType = sourcecode.c.objc; path = PageScrollViewController.m; sourceTree = "<group>"; };
		EEF89BDF1887CC95003363DD /* PageScrollViewController.xib */ = {isa = PBXFileReference; fileEncoding = 4; lastKnownFileType = file.xib; path = PageScrollViewController.xib; sourceTree = "<group>"; };
		EEF89BE31887D471003363DD /* Snip20131206_1.png */ = {isa = PBXFileReference; lastKnownFileType = image.png; path = Snip20131206_1.png; sourceTree = "<group>"; };
		EEF89BE41887D471003363DD /* Snip20131206_3.png */ = {isa = PBXFileReference; lastKnownFileType = image.png; path = Snip20131206_3.png; sourceTree = "<group>"; };
		EEF89BE51887D471003363DD /* Snip20131206_4.png */ = {isa = PBXFileReference; lastKnownFileType = image.png; path = Snip20131206_4.png; sourceTree = "<group>"; };
		EEF89BE61887D471003363DD /* Snip20131206_5.png */ = {isa = PBXFileReference; lastKnownFileType = image.png; path = Snip20131206_5.png; sourceTree = "<group>"; };
/* End PBXFileReference section */

/* Begin PBXFrameworksBuildPhase section */
		EE945B741872BE1000A14386 /* Frameworks */ = {
			isa = PBXFrameworksBuildPhase;
			buildActionMask = 2147483647;
			files = (
				EE945B7D1872BE1000A14386 /* CoreGraphics.framework in Frameworks */,
				EE945B7F1872BE1000A14386 /* UIKit.framework in Frameworks */,
				EE945B7B1872BE1000A14386 /* Foundation.framework in Frameworks */,
			);
			runOnlyForDeploymentPostprocessing = 0;
		};
		EE945B981872BE1100A14386 /* Frameworks */ = {
			isa = PBXFrameworksBuildPhase;
			buildActionMask = 2147483647;
			files = (
				EE945B9D1872BE1100A14386 /* XCTest.framework in Frameworks */,
				EE945B9F1872BE1100A14386 /* UIKit.framework in Frameworks */,
				EE945B9E1872BE1100A14386 /* Foundation.framework in Frameworks */,
			);
			runOnlyForDeploymentPostprocessing = 0;
		};
/* End PBXFrameworksBuildPhase section */

/* Begin PBXGroup section */
		EE50AEA218FE3427005E1C6C /* Block */ = {
			isa = PBXGroup;
			children = (
				EE50AEA318FE343B005E1C6C /* LeoBlock.m */,
				EE50AEA418FE343B005E1C6C /* LeoBlock.h */,
			);
			name = Block;
			sourceTree = "<group>";
		};
		EE50AEA618FFA028005E1C6C /* Archive */ = {
			isa = PBXGroup;
			children = (
				EE50AEA718FFA070005E1C6C /* LeoBook.h */,
				EE50AEA818FFA070005E1C6C /* LeoBook.m */,
			);
			name = Archive;
			sourceTree = "<group>";
		};
		EE50AEAE18FFBE30005E1C6C /* Threads */ = {
			isa = PBXGroup;
			children = (
				EE50AEAF18FFBE82005E1C6C /* LeoPractiseThread.h */,
				EE50AEB018FFBE82005E1C6C /* LeoPractiseThread.m */,
				EE50AEB218FFCC4C005E1C6C /* LeoOperation.h */,
				EE50AEB318FFCC4C005E1C6C /* LeoOperation.m */,
			);
			name = Threads;
			sourceTree = "<group>";
		};
		EE945B6E1872BE1000A14386 = {
			isa = PBXGroup;
			children = (
				EE945B801872BE1000A14386 /* HelloUITextView */,
				EE945BA21872BE1100A14386 /* HelloUITextViewTests */,
				EE945B791872BE1000A14386 /* Frameworks */,
				EE945B781872BE1000A14386 /* Products */,
			);
			sourceTree = "<group>";
		};
		EE945B781872BE1000A14386 /* Products */ = {
			isa = PBXGroup;
			children = (
				EE945B771872BE1000A14386 /* HelloUIView.app */,
				EE945B9B1872BE1100A14386 /* HelloUIViewTests.xctest */,
			);
			name = Products;
			sourceTree = "<group>";
		};
		EE945B791872BE1000A14386 /* Frameworks */ = {
			isa = PBXGroup;
			children = (
				EE945B7A1872BE1000A14386 /* Foundation.framework */,
				EE945B7C1872BE1000A14386 /* CoreGraphics.framework */,
				EE945B7E1872BE1000A14386 /* UIKit.framework */,
				EE945B9C1872BE1100A14386 /* XCTest.framework */,
			);
			name = Frameworks;
			sourceTree = "<group>";
		};
		EE945B801872BE1000A14386 /* HelloUITextView */ = {
			isa = PBXGroup;
			children = (
				EE50AEAE18FFBE30005E1C6C /* Threads */,
				EE50AEA618FFA028005E1C6C /* Archive */,
				EE50AEA218FE3427005E1C6C /* Block */,
				EEF89BE21887D453003363DD /* image */,
				EEF89BDD1887CC95003363DD /* PageScrollViewController.h */,
				EEF89BDE1887CC95003363DD /* PageScrollViewController.m */,
				EEF89BDF1887CC95003363DD /* PageScrollViewController.xib */,
				EE945B891872BE1000A14386 /* AppDelegate.h */,
				EE945B8A1872BE1000A14386 /* AppDelegate.m */,
				EE945B8C1872BE1000A14386 /* Main_iPhone.storyboard */,
				EE945B8F1872BE1000A14386 /* Main_iPad.storyboard */,
				EE945B921872BE1000A14386 /* ViewController.h */,
				EE945B931872BE1000A14386 /* ViewController.m */,
				EE945BB21872C2ED00A14386 /* MyTVCell.h */,
				EE945BB31872C2ED00A14386 /* MyTVCell.m */,
				EE945BB91872C3F600A14386 /* MyTVCell.xib */,
				EE945B951872BE1000A14386 /* Images.xcassets */,
				EE945B811872BE1000A14386 /* Supporting Files */,
				EEF89BD81887C334003363DD /* RiepilogoPaymentViewController.h */,
				EEF89BD91887C334003363DD /* RiepilogoPaymentViewController.m */,
				EEF89BDA1887C334003363DD /* RiepilogoPaymentViewController.xib */,
			);
			path = HelloUITextView;
			sourceTree = "<group>";
		};
		EE945B811872BE1000A14386 /* Supporting Files */ = {
			isa = PBXGroup;
			children = (
				EE945B821872BE1000A14386 /* HelloUIView-Info.plist */,
				EE945B831872BE1000A14386 /* InfoPlist.strings */,
				EE945B861872BE1000A14386 /* main.m */,
				EE945B881872BE1000A14386 /* HelloUIView-Prefix.pch */,
			);
			name = "Supporting Files";
			sourceTree = "<group>";
		};
		EE945BA21872BE1100A14386 /* HelloUITextViewTests */ = {
			isa = PBXGroup;
			children = (
				EE945BA81872BE1100A14386 /* HelloUITextViewTests.m */,
				EE945BA31872BE1100A14386 /* Supporting Files */,
			);
			path = HelloUITextViewTests;
			sourceTree = "<group>";
		};
		EE945BA31872BE1100A14386 /* Supporting Files */ = {
			isa = PBXGroup;
			children = (
				EE945BA41872BE1100A14386 /* HelloUIViewTests-Info.plist */,
				EE945BA51872BE1100A14386 /* InfoPlist.strings */,
			);
			name = "Supporting Files";
			sourceTree = "<group>";
		};
		EEF89BE21887D453003363DD /* image */ = {
			isa = PBXGroup;
			children = (
				EEF89BE31887D471003363DD /* Snip20131206_1.png */,
				EEF89BE41887D471003363DD /* Snip20131206_3.png */,
				EEF89BE51887D471003363DD /* Snip20131206_4.png */,
				EEF89BE61887D471003363DD /* Snip20131206_5.png */,
			);
			name = image;
			sourceTree = "<group>";
		};
/* End PBXGroup section */

/* Begin PBXNativeTarget section */
		EE945B761872BE1000A14386 /* HelloUIView */ = {
			isa = PBXNativeTarget;
			buildConfigurationList = EE945BAC1872BE1100A14386 /* Build configuration list for PBXNativeTarget "HelloUIView" */;
			buildPhases = (
				EE945B731872BE1000A14386 /* Sources */,
				EE945B741872BE1000A14386 /* Frameworks */,
				EE945B751872BE1000A14386 /* Resources */,
			);
			buildRules = (
			);
			dependencies = (
			);
			name = HelloUIView;
			productName = HelloUITextView;
			productReference = EE945B771872BE1000A14386 /* HelloUIView.app */;
			productType = "com.apple.product-type.application";
		};
		EE945B9A1872BE1100A14386 /* HelloUIViewTests */ = {
			isa = PBXNativeTarget;
			buildConfigurationList = EE945BAF1872BE1100A14386 /* Build configuration list for PBXNativeTarget "HelloUIViewTests" */;
			buildPhases = (
				EE945B971872BE1100A14386 /* Sources */,
				EE945B981872BE1100A14386 /* Frameworks */,
				EE945B991872BE1100A14386 /* Resources */,
			);
			buildRules = (
			);
			dependencies = (
				EE945BA11872BE1100A14386 /* PBXTargetDependency */,
			);
			name = HelloUIViewTests;
			productName = HelloUITextViewTests;
			productReference = EE945B9B1872BE1100A14386 /* HelloUIViewTests.xctest */;
			productType = "com.apple.product-type.bundle.unit-test";
		};
/* End PBXNativeTarget section */

/* Begin PBXProject section */
		EE945B6F1872BE1000A14386 /* Project object */ = {
			isa = PBXProject;
			attributes = {
				LastUpgradeCheck = 0500;
				ORGANIZATIONNAME = sparkfire.l.zhang;
				TargetAttributes = {
					EE945B9A1872BE1100A14386 = {
						TestTargetID = EE945B761872BE1000A14386;
					};
				};
			};
			buildConfigurationList = EE945B721872BE1000A14386 /* Build configuration list for PBXProject "HelloUIView" */;
			compatibilityVersion = "Xcode 3.2";
			developmentRegion = English;
			hasScannedForEncodings = 0;
			knownRegions = (
				en,
				Base,
			);
			mainGroup = EE945B6E1872BE1000A14386;
			productRefGroup = EE945B781872BE1000A14386 /* Products */;
			projectDirPath = "";
			projectRoot = "";
			targets = (
				EE945B761872BE1000A14386 /* HelloUIView */,
				EE945B9A1872BE1100A14386 /* HelloUIViewTests */,
			);
		};
/* End PBXProject section */

/* Begin PBXResourcesBuildPhase section */
		EE945B751872BE1000A14386 /* Resources */ = {
			isa = PBXResourcesBuildPhase;
			buildActionMask = 2147483647;
			files = (
				EE945B911872BE1000A14386 /* Main_iPad.storyboard in Resources */,
				EE945B961872BE1000A14386 /* Images.xcassets in Resources */,
				EE945B8E1872BE1000A14386 /* Main_iPhone.storyboard in Resources */,
				EEF89BE11887CC95003363DD /* PageScrollViewController.xib in Resources */,
				EE945BBA1872C3F600A14386 /* MyTVCell.xib in Resources */,
				EEF89BEA1887D471003363DD /* Snip20131206_5.png in Resources */,
				EEF89BE91887D471003363DD /* Snip20131206_4.png in Resources */,
				EEF89BDC1887C334003363DD /* RiepilogoPaymentViewController.xib in Resources */,
				EEF89BE71887D471003363DD /* Snip20131206_1.png in Resources */,
				EEF89BE81887D471003363DD /* Snip20131206_3.png in Resources */,
				EE945B851872BE1000A14386 /* InfoPlist.strings in Resources */,
			);
			runOnlyForDeploymentPostprocessing = 0;
		};
		EE945B991872BE1100A14386 /* Resources */ = {
			isa = PBXResourcesBuildPhase;
			buildActionMask = 2147483647;
			files = (
				EE945BA71872BE1100A14386 /* InfoPlist.strings in Resources */,
			);
			runOnlyForDeploymentPostprocessing = 0;
		};
/* End PBXResourcesBuildPhase section */

/* Begin PBXSourcesBuildPhase section */
		EE945B731872BE1000A14386 /* Sources */ = {
			isa = PBXSourcesBuildPhase;
			buildActionMask = 2147483647;
			files = (
				EE945B941872BE1000A14386 /* ViewController.m in Sources */,
				EE945BB41872C2ED00A14386 /* MyTVCell.m in Sources */,
				EE50AEB418FFCC4C005E1C6C /* LeoOperation.m in Sources */,
				EE50AEB118FFBE82005E1C6C /* LeoPractiseThread.m in Sources */,
				EE50AEA518FE343B005E1C6C /* LeoBlock.m in Sources */,
				EEF89BE01887CC95003363DD /* PageScrollViewController.m in Sources */,
				EE945B8B1872BE1000A14386 /* AppDelegate.m in Sources */,
				EEF89BDB1887C334003363DD /* RiepilogoPaymentViewController.m in Sources */,
				EE945B871872BE1000A14386 /* main.m in Sources */,
				EE50AEA918FFA070005E1C6C /* LeoBook.m in Sources */,
			);
			runOnlyForDeploymentPostprocessing = 0;
		};
		EE945B971872BE1100A14386 /* Sources */ = {
			isa = PBXSourcesBuildPhase;
			buildActionMask = 2147483647;
			files = (
				EE945BA91872BE1100A14386 /* HelloUITextViewTests.m in Sources */,
			);
			runOnlyForDeploymentPostprocessing = 0;
		};
/* End PBXSourcesBuildPhase section */

/* Begin PBXTargetDependency section */
		EE945BA11872BE1100A14386 /* PBXTargetDependency */ = {
			isa = PBXTargetDependency;
			target = EE945B761872BE1000A14386 /* HelloUIView */;
			targetProxy = EE945BA01872BE1100A14386 /* PBXContainerItemProxy */;
		};
/* End PBXTargetDependency section */

/* Begin PBXVariantGroup section */
		EE945B831872BE1000A14386 /* InfoPlist.strings */ = {
			isa = PBXVariantGroup;
			children = (
				EE945B841872BE1000A14386 /* en */,
			);
			name = InfoPlist.strings;
			sourceTree = "<group>";
		};
		EE945B8C1872BE1000A14386 /* Main_iPhone.storyboard */ = {
			isa = PBXVariantGroup;
			children = (
				EE945B8D1872BE1000A14386 /* Base */,
			);
			name = Main_iPhone.storyboard;
			sourceTree = "<group>";
		};
		EE945B8F1872BE1000A14386 /* Main_iPad.storyboard */ = {
			isa = PBXVariantGroup;
			children = (
				EE945B901872BE1000A14386 /* Base */,
			);
			name = Main_iPad.storyboard;
			sourceTree = "<group>";
		};
		EE945BA51872BE1100A14386 /* InfoPlist.strings */ = {
			isa = PBXVariantGroup;
			children = (
				EE945BA61872BE1100A14386 /* en */,
			);
			name = InfoPlist.strings;
			sourceTree = "<group>";
		};
/* End PBXVariantGroup section */

/* Begin XCBuildConfiguration section */
		EE945BAA1872BE1100A14386 /* Debug */ = {
			isa = XCBuildConfiguration;
			buildSettings = {
				ALWAYS_SEARCH_USER_PATHS = NO;
				ARCHS = "$(ARCHS_STANDARD_INCLUDING_64_BIT)";
				CLANG_CXX_LANGUAGE_STANDARD = "gnu++0x";
				CLANG_CXX_LIBRARY = "libc++";
				CLANG_ENABLE_MODULES = YES;
				CLANG_ENABLE_OBJC_ARC = YES;
				CLANG_WARN_BOOL_CONVERSION = YES;
				CLANG_WARN_CONSTANT_CONVERSION = YES;
				CLANG_WARN_DIRECT_OBJC_ISA_USAGE = YES_ERROR;
				CLANG_WARN_EMPTY_BODY = YES;
				CLANG_WARN_ENUM_CONVERSION = YES;
				CLANG_WARN_INT_CONVERSION = YES;
				CLANG_WARN_OBJC_ROOT_CLASS = YES_ERROR;
				CLANG_WARN__DUPLICATE_METHOD_MATCH = YES;
				"CODE_SIGN_IDENTITY[sdk=iphoneos*]" = "iPhone Developer";
				COPY_PHASE_STRIP = NO;
				GCC_C_LANGUAGE_STANDARD = gnu99;
				GCC_DYNAMIC_NO_PIC = NO;
				GCC_OPTIMIZATION_LEVEL = 0;
				GCC_PREPROCESSOR_DEFINITIONS = (
					"DEBUG=1",
					"$(inherited)",
				);
				GCC_SYMBOLS_PRIVATE_EXTERN = NO;
				GCC_WARN_64_TO_32_BIT_CONVERSION = YES;
				GCC_WARN_ABOUT_RETURN_TYPE = YES_ERROR;
				GCC_WARN_UNDECLARED_SELECTOR = YES;
				GCC_WARN_UNINITIALIZED_AUTOS = YES;
				GCC_WARN_UNUSED_FUNCTION = YES;
				GCC_WARN_UNUSED_VARIABLE = YES;
				IPHONEOS_DEPLOYMENT_TARGET = 6.0;
				ONLY_ACTIVE_ARCH = YES;
				SDKROOT = iphoneos;
				TARGETED_DEVICE_FAMILY = "1,2";
			};
			name = Debug;
		};
		EE945BAB1872BE1100A14386 /* Release */ = {
			isa = XCBuildConfiguration;
			buildSettings = {
				ALWAYS_SEARCH_USER_PATHS = NO;
				ARCHS = "$(ARCHS_STANDARD_INCLUDING_64_BIT)";
				CLANG_CXX_LANGUAGE_STANDARD = "gnu++0x";
				CLANG_CXX_LIBRARY = "libc++";
				CLANG_ENABLE_MODULES = YES;
				CLANG_ENABLE_OBJC_ARC = YES;
				CLANG_WARN_BOOL_CONVERSION = YES;
				CLANG_WARN_CONSTANT_CONVERSION = YES;
				CLANG_WARN_DIRECT_OBJC_ISA_USAGE = YES_ERROR;
				CLANG_WARN_EMPTY_BODY = YES;
				CLANG_WARN_ENUM_CONVERSION = YES;
				CLANG_WARN_INT_CONVERSION = YES;
				CLANG_WARN_OBJC_ROOT_CLASS = YES_ERROR;
				CLANG_WARN__DUPLICATE_METHOD_MATCH = YES;
				"CODE_SIGN_IDENTITY[sdk=iphoneos*]" = "iPhone Developer";
				COPY_PHASE_STRIP = YES;
				ENABLE_NS_ASSERTIONS = NO;
				GCC_C_LANGUAGE_STANDARD = gnu99;
				GCC_WARN_64_TO_32_BIT_CONVERSION = YES;
				GCC_WARN_ABOUT_RETURN_TYPE = YES_ERROR;
				GCC_WARN_UNDECLARED_SELECTOR = YES;
				GCC_WARN_UNINITIALIZED_AUTOS = YES;
				GCC_WARN_UNUSED_FUNCTION = YES;
				GCC_WARN_UNUSED_VARIABLE = YES;
				IPHONEOS_DEPLOYMENT_TARGET = 6.0;
				SDKROOT = iphoneos;
				TARGETED_DEVICE_FAMILY = "1,2";
				VALIDATE_PRODUCT = YES;
			};
			name = Release;
		};
		EE945BAD1872BE1100A14386 /* Debug */ = {
			isa = XCBuildConfiguration;
			buildSettings = {
				ASSETCATALOG_COMPILER_APPICON_NAME = AppIcon;
				ASSETCATALOG_COMPILER_LAUNCHIMAGE_NAME = LaunchImage;
				CODE_SIGN_IDENTITY = "iPhone Distribution: Accenture Consulting (Shanghai) Co., Ltd. Beijing Branch";
				"CODE_SIGN_IDENTITY[sdk=iphoneos*]" = "iPhone Distribution: Accenture Consulting (Shanghai) Co., Ltd. Beijing Branch";
				GCC_PRECOMPILE_PREFIX_HEADER = YES;
				GCC_PREFIX_HEADER = "HelloUITextView/HelloUIView-Prefix.pch";
				INFOPLIST_FILE = "HelloUITextView/HelloUIView-Info.plist";
				IPHONEOS_DEPLOYMENT_TARGET = 6.0;
				PRODUCT_NAME = HelloUIView;
				WRAPPER_EXTENSION = app;
			};
			name = Debug;
		};
		EE945BAE1872BE1100A14386 /* Release */ = {
			isa = XCBuildConfiguration;
			buildSettings = {
				ASSETCATALOG_COMPILER_APPICON_NAME = AppIcon;
				ASSETCATALOG_COMPILER_LAUNCHIMAGE_NAME = LaunchImage;
				CODE_SIGN_IDENTITY = "iPhone Distribution: Accenture Consulting (Shanghai) Co., Ltd. Beijing Branch";
				"CODE_SIGN_IDENTITY[sdk=iphoneos*]" = "iPhone Distribution: Accenture Consulting (Shanghai) Co., Ltd. Beijing Branch";
				GCC_PRECOMPILE_PREFIX_HEADER = YES;
				GCC_PREFIX_HEADER = "HelloUITextView/HelloUIView-Prefix.pch";
				INFOPLIST_FILE = "HelloUITextView/HelloUIView-Info.plist";
				IPHONEOS_DEPLOYMENT_TARGET = 6.0;
				PRODUCT_NAME = HelloUIView;
				WRAPPER_EXTENSION = app;
			};
			name = Release;
		};
		EE945BB01872BE1100A14386 /* Debug */ = {
			isa = XCBuildConfiguration;
			buildSettings = {
				ARCHS = "$(ARCHS_STANDARD_INCLUDING_64_BIT)";
				BUNDLE_LOADER = "$(BUILT_PRODUCTS_DIR)/HelloUITextView.app/HelloUITextView";
				FRAMEWORK_SEARCH_PATHS = (
					"$(SDKROOT)/Developer/Library/Frameworks",
					"$(inherited)",
					"$(DEVELOPER_FRAMEWORKS_DIR)",
				);
				GCC_PRECOMPILE_PREFIX_HEADER = YES;
				GCC_PREFIX_HEADER = "HelloUITextView/HelloUITextView-Prefix.pch";
				GCC_PREPROCESSOR_DEFINITIONS = (
					"DEBUG=1",
					"$(inherited)",
				);
				INFOPLIST_FILE = "HelloUITextViewTests/HelloUIViewTests-Info.plist";
				PRODUCT_NAME = HelloUIViewTests;
				TEST_HOST = "$(BUNDLE_LOADER)";
				WRAPPER_EXTENSION = xctest;
			};
			name = Debug;
		};
		EE945BB11872BE1100A14386 /* Release */ = {
			isa = XCBuildConfiguration;
			buildSettings = {
				ARCHS = "$(ARCHS_STANDARD_INCLUDING_64_BIT)";
				BUNDLE_LOADER = "$(BUILT_PRODUCTS_DIR)/HelloUITextView.app/HelloUITextView";
				FRAMEWORK_SEARCH_PATHS = (
					"$(SDKROOT)/Developer/Library/Frameworks",
					"$(inherited)",
					"$(DEVELOPER_FRAMEWORKS_DIR)",
				);
				GCC_PRECOMPILE_PREFIX_HEADER = YES;
				GCC_PREFIX_HEADER = "HelloUITextView/HelloUITextView-Prefix.pch";
				INFOPLIST_FILE = "HelloUITextViewTests/HelloUIViewTests-Info.plist";
				PRODUCT_NAME = HelloUIViewTests;
				TEST_HOST = "$(BUNDLE_LOADER)";
				WRAPPER_EXTENSION = xctest;
			};
			name = Release;
		};
/* End XCBuildConfiguration section */

/* Begin XCConfigurationList section */
		EE945B721872BE1000A14386 /* Build configuration list for PBXProject "HelloUIView" */ = {
			isa = XCConfigurationList;
			buildConfigurations = (
				EE945BAA1872BE1100A14386 /* Debug */,
				EE945BAB1872BE1100A14386 /* Release */,
			);
			defaultConfigurationIsVisible = 0;
			defaultConfigurationName = Release;
		};
		EE945BAC1872BE1100A14386 /* Build configuration list for PBXNativeTarget "HelloUIView" */ = {
			isa = XCConfigurationList;
			buildConfigurations = (
				EE945BAD1872BE1100A14386 /* Debug */,
				EE945BAE1872BE1100A14386 /* Release */,
			);
			defaultConfigurationIsVisible = 0;
			defaultConfigurationName = Release;
		};
		EE945BAF1872BE1100A14386 /* Build configuration list for PBXNativeTarget "HelloUIViewTests" */ = {
			isa = XCConfigurationList;
			buildConfigurations = (
				EE945BB01872BE1100A14386 /* Debug */,
				EE945BB11872BE1100A14386 /* Release */,
			);
			defaultConfigurationIsVisible = 0;
			defaultConfigurationName = Release;
		};
/* End XCConfigurationList section */
	};
	rootObject = EE945B6F1872BE1000A14386 /* Project object */;
}
